
Microsoft Visual Studio Solution File, Format Version 12.00
# Visual Studio Version 17
VisualStudioVersion = 17.0.31903.59
MinimumVisualStudioVersion = 10.0.40219.1
Project("{FAE04EC0-301F-11D3-BF4B-00C04F79EFBC}") = "Joker.Api", "Joker.Api\Joker.Api.csproj", "{78AEBF30-8AC3-4505-9473-7DB1E8982571}"
EndProject
Project("{FAE04EC0-301F-11D3-BF4B-00C04F79EFBC}") = "Joker.Api.Test", "Joker.Api.Test\Joker.Api.Test.csproj", "{8C9738A3-804E-4874-BDFB-894F3683F7AA}"
EndProject
Global
	GlobalSection(SolutionConfigurationPlatforms) = preSolution
		Debug|Any CPU = Debug|Any CPU
		Debug|x64 = Debug|x64
		Debug|x86 = Debug|x86
		Release|Any CPU = Release|Any CPU
		Release|x64 = Release|x64
		Release|x86 = Release|x86
	EndGlobalSection
	GlobalSection(ProjectConfigurationPlatforms) = postSolution
		{78AEBF30-8AC3-4505-9473-7DB1E8982571}.Debug|Any CPU.ActiveCfg = Debug|Any CPU
		{78AEBF30-8AC3-4505-9473-7DB1E8982571}.Debug|Any CPU.Build.0 = Debug|Any CPU
		{78AEBF30-8AC3-4505-9473-7DB1E8982571}.Debug|x64.ActiveCfg = Debug|Any CPU
		{78AEBF30-8AC3-4505-9473-7DB1E8982571}.Debug|x64.Build.0 = Debug|Any CPU
		{78AEBF30-8AC3-4505-9473-7DB1E8982571}.Debug|x86.ActiveCfg = Debug|Any CPU
		{78AEBF30-8AC3-4505-9473-7DB1E8982571}.Debug|x86.Build.0 = Debug|Any CPU
		{78AEBF30-8AC3-4505-9473-7DB1E8982571}.Release|Any CPU.ActiveCfg = Release|Any CPU
		{78AEBF30-8AC3-4505-9473-7DB1E8982571}.Release|Any CPU.Build.0 = Release|Any CPU
		{78AEBF30-8AC3-4505-9473-7DB1E8982571}.Release|x64.ActiveCfg = Release|Any CPU
		{78AEBF30-8AC3-4505-9473-7DB1E8982571}.Release|x64.Build.0 = Release|Any CPU
		{78AEBF30-8AC3-4505-9473-7DB1E8982571}.Release|x86.ActiveCfg = Release|Any CPU
		{78AEBF30-8AC3-4505-9473-7DB1E8982571}.Release|x86.Build.0 = Release|Any CPU
		{8C9738A3-804E-4874-BDFB-894F3683F7AA}.Debug|Any CPU.ActiveCfg = Debug|Any CPU
		{8C9738A3-804E-4874-BDFB-894F3683F7AA}.Debug|Any CPU.Build.0 = Debug|Any CPU
		{8C9738A3-804E-4874-BDFB-894F3683F7AA}.Debug|x64.ActiveCfg = Debug|Any CPU
		{8C9738A3-804E-4874-BDFB-894F3683F7AA}.Debug|x64.Build.0 = Debug|Any CPU
		{8C9738A3-804E-4874-BDFB-894F3683F7AA}.Debug|x86.ActiveCfg = Debug|Any CPU
		{8C9738A3-804E-4874-BDFB-894F3683F7AA}.Debug|x86.Build.0 = Debug|Any CPU
		{8C9738A3-804E-4874-BDFB-894F3683F7AA}.Release|Any CPU.ActiveCfg = Release|Any CPU
		{8C9738A3-804E-4874-BDFB-894F3683F7AA}.Release|Any CPU.Build.0 = Release|Any CPU
		{8C9738A3-804E-4874-BDFB-894F3683F7AA}.Release|x64.ActiveCfg = Release|Any CPU
		{8C9738A3-804E-4874-BDFB-894F3683F7AA}.Release|x64.Build.0 = Release|Any CPU
		{8C9738A3-804E-4874-BDFB-894F3683F7AA}.Release|x86.ActiveCfg = Release|Any CPU
		{8C9738A3-804E-4874-BDFB-894F3683F7AA}.Release|x86.Build.0 = Release|Any CPU
	EndGlobalSection
	GlobalSection(SolutionProperties) = preSolution
		HideSolutionNode = FALSE
	EndGlobalSection
EndGlobal
